
Microsoft Visual Studio Solution File, Format Version 12.00
# Visual Studio Version 17
VisualStudioVersion = 17.3.32922.545
MinimumVisualStudioVersion = 10.0.40219.1
Project("{FAE04EC0-301F-11D3-BF4B-00C04F79EFBC}") = "wolfAttacck", "wolfAttacck\wolfAttacck.csproj", "{FC25235A-D3F7-4A03-937E-B16B44DDF055}"
EndProject
Global
	GlobalSection(SolutionConfigurationPlatforms) = preSolution
		Debug|Any CPU = Debug|Any CPU
		Release|Any CPU = Release|Any CPU
	EndGlobalSection
	GlobalSection(ProjectConfigurationPlatforms) = postSolution
		{FC25235A-D3F7-4A03-937E-B16B44DDF055}.Debug|Any CPU.ActiveCfg = Debug|Any CPU
		{FC25235A-D3F7-4A03-937E-B16B44DDF055}.Debug|Any CPU.Build.0 = Debug|Any CPU
		{FC25235A-D3F7-4A03-937E-B16B44DDF055}.Release|Any CPU.ActiveCfg = Release|Any CPU
		{FC25235A-D3F7-4A03-937E-B16B44DDF055}.Release|Any CPU.Build.0 = Release|Any CPU
	EndGlobalSection
	GlobalSection(SolutionProperties) = preSolution
		HideSolutionNode = FALSE
	EndGlobalSection
	GlobalSection(ExtensibilityGlobals) = postSolution
		SolutionGuid = {5DC389D4-7997-471F-83D2-52A69DD21CEC}
	EndGlobalSection
EndGlobal
